{
    "version": "4",
    "specifiers": {
        "jsr:@std/path@^1.0.8": "1.0.8",
        "jsr:@std/random@0.1": "0.1.0",
        "npm:slug@10": "10.0.0"
    },
    "jsr": {
        "@std/path@1.0.8": {
            "integrity": "548fa456bb6a04d3c1a1e7477986b6cffbce95102d0bb447c67c4ee70e0364be"
        },
        "@std/random@0.1.0": {
            "integrity": "70a006be0ffb77d036bab54aa8ae6bd0119ba77ace0f2f56f63273d4262a5667"
        }
    },
    "npm": {
        "slug@10.0.0": {
            "integrity": "sha512-M8s2PWOUeSCdD4S1NH5lCzXg2zFV1fozrtfr0FSKl65x+EF1rUowj+/vyFlnHgxPxWzT+DL0VXKfYc1DHJoymg=="
        }
    },
    "workspace": {
        "dependencies": [
            "jsr:@std/path@^1.0.8",
            "jsr:@std/random@0.1",
            "npm:slug@10"
        ]
    }
}
